
Microsoft Visual Studio Solution File, Format Version 12.00
# Visual Studio Version 17
VisualStudioVersion = 17.4.33103.184
MinimumVisualStudioVersion = 10.0.40219.1
Project("{FAE04EC0-301F-11D3-BF4B-00C04F79EFBC}") = "Userinyerface", "Userinyerface\Userinyerface.csproj", "{E9D80E7B-2D1C-4103-A79D-E9EDD055E05B}"
EndProject
Global
	GlobalSection(SolutionConfigurationPlatforms) = preSolution
		Debug|Any CPU = Debug|Any CPU
		Release|Any CPU = Release|Any CPU
	EndGlobalSection
	GlobalSection(ProjectConfigurationPlatforms) = postSolution
		{E9D80E7B-2D1C-4103-A79D-E9EDD055E05B}.Debug|Any CPU.ActiveCfg = Debug|Any CPU
		{E9D80E7B-2D1C-4103-A79D-E9EDD055E05B}.Debug|Any CPU.Build.0 = Debug|Any CPU
		{E9D80E7B-2D1C-4103-A79D-E9EDD055E05B}.Release|Any CPU.ActiveCfg = Release|Any CPU
		{E9D80E7B-2D1C-4103-A79D-E9EDD055E05B}.Release|Any CPU.Build.0 = Release|Any CPU
	EndGlobalSection
	GlobalSection(SolutionProperties) = preSolution
		HideSolutionNode = FALSE
	EndGlobalSection
	GlobalSection(ExtensibilityGlobals) = postSolution
		SolutionGuid = {A5DE8CB4-1311-4CFC-A1CA-259B4E695A27}
	EndGlobalSection
EndGlobal
